
Microsoft Visual Studio Solution File, Format Version 12.00
# Visual Studio Express 2013 for Windows Desktop
VisualStudioVersion = 12.0.31101.0
MinimumVisualStudioVersion = 10.0.40219.1
Project("{FAE04EC0-301F-11D3-BF4B-00C04F79EFBC}") = "Homework8b", "Homework8b\Homework8b.csproj", "{5E83789C-C3E5-4572-964A-1E7540FFF078}"
EndProject
Project("{FAE04EC0-301F-11D3-BF4B-00C04F79EFBC}") = "Zadacha2", "Zadacha2\Zadacha2.csproj", "{92F8E95E-8A5E-496A-8B64-F75BD7F42696}"
EndProject
Project("{FAE04EC0-301F-11D3-BF4B-00C04F79EFBC}") = "Zadacha3", "Zadacha3\Zadacha3.csproj", "{36CC0445-65E1-4EA7-A561-8E130EDDAFA5}"
EndProject
Project("{FAE04EC0-301F-11D3-BF4B-00C04F79EFBC}") = "Zadacha4", "Zadacha4\Zadacha4.csproj", "{55F19C9C-6DD9-4830-9FB7-A251841101FA}"
EndProject
Global
	GlobalSection(SolutionConfigurationPlatforms) = preSolution
		Debug|Any CPU = Debug|Any CPU
		Release|Any CPU = Release|Any CPU
	EndGlobalSection
	GlobalSection(ProjectConfigurationPlatforms) = postSolution
		{5E83789C-C3E5-4572-964A-1E7540FFF078}.Debug|Any CPU.ActiveCfg = Debug|Any CPU
		{5E83789C-C3E5-4572-964A-1E7540FFF078}.Debug|Any CPU.Build.0 = Debug|Any CPU
		{5E83789C-C3E5-4572-964A-1E7540FFF078}.Release|Any CPU.ActiveCfg = Release|Any CPU
		{5E83789C-C3E5-4572-964A-1E7540FFF078}.Release|Any CPU.Build.0 = Release|Any CPU
		{92F8E95E-8A5E-496A-8B64-F75BD7F42696}.Debug|Any CPU.ActiveCfg = Debug|Any CPU
		{92F8E95E-8A5E-496A-8B64-F75BD7F42696}.Debug|Any CPU.Build.0 = Debug|Any CPU
		{92F8E95E-8A5E-496A-8B64-F75BD7F42696}.Release|Any CPU.ActiveCfg = Release|Any CPU
		{92F8E95E-8A5E-496A-8B64-F75BD7F42696}.Release|Any CPU.Build.0 = Release|Any CPU
		{36CC0445-65E1-4EA7-A561-8E130EDDAFA5}.Debug|Any CPU.ActiveCfg = Debug|Any CPU
		{36CC0445-65E1-4EA7-A561-8E130EDDAFA5}.Debug|Any CPU.Build.0 = Debug|Any CPU
		{36CC0445-65E1-4EA7-A561-8E130EDDAFA5}.Release|Any CPU.ActiveCfg = Release|Any CPU
		{36CC0445-65E1-4EA7-A561-8E130EDDAFA5}.Release|Any CPU.Build.0 = Release|Any CPU
		{55F19C9C-6DD9-4830-9FB7-A251841101FA}.Debug|Any CPU.ActiveCfg = Debug|Any CPU
		{55F19C9C-6DD9-4830-9FB7-A251841101FA}.Debug|Any CPU.Build.0 = Debug|Any CPU
		{55F19C9C-6DD9-4830-9FB7-A251841101FA}.Release|Any CPU.ActiveCfg = Release|Any CPU
		{55F19C9C-6DD9-4830-9FB7-A251841101FA}.Release|Any CPU.Build.0 = Release|Any CPU
	EndGlobalSection
	GlobalSection(SolutionProperties) = preSolution
		HideSolutionNode = FALSE
	EndGlobalSection
EndGlobal
